
Microsoft Visual Studio Solution File, Format Version 12.00
# Visual Studio Version 17
VisualStudioVersion = 17.8.34330.188
MinimumVisualStudioVersion = 10.0.40219.1
Project("{FAE04EC0-301F-11D3-BF4B-00C04F79EFBC}") = "TestWebSocket", "TestWebSocket\TestWebSocket.csproj", "{56C6C88F-B03F-4A20-A1E9-765EA2FACEF4}"
EndProject
Global
	GlobalSection(SolutionConfigurationPlatforms) = preSolution
		Debug|Any CPU = Debug|Any CPU
		Release|Any CPU = Release|Any CPU
	EndGlobalSection
	GlobalSection(ProjectConfigurationPlatforms) = postSolution
		{56C6C88F-B03F-4A20-A1E9-765EA2FACEF4}.Debug|Any CPU.ActiveCfg = Debug|Any CPU
		{56C6C88F-B03F-4A20-A1E9-765EA2FACEF4}.Debug|Any CPU.Build.0 = Debug|Any CPU
		{56C6C88F-B03F-4A20-A1E9-765EA2FACEF4}.Release|Any CPU.ActiveCfg = Release|Any CPU
		{56C6C88F-B03F-4A20-A1E9-765EA2FACEF4}.Release|Any CPU.Build.0 = Release|Any CPU
	EndGlobalSection
	GlobalSection(SolutionProperties) = preSolution
		HideSolutionNode = FALSE
	EndGlobalSection
	GlobalSection(ExtensibilityGlobals) = postSolution
		SolutionGuid = {DB76FF26-D639-4097-B303-27D8278C681A}
	EndGlobalSection
EndGlobal
